
Microsoft Visual Studio Solution File, Format Version 12.00
# Visual Studio Version 17
VisualStudioVersion = 17.6.33829.357
MinimumVisualStudioVersion = 10.0.40219.1
Project("{9A19103F-16F7-4668-BE54-9A1E7A4F7556}") = "WebClient", "WebClient\WebClient.csproj", "{DF036ADC-5186-46EB-A1C1-F8D2A7C6CB5D}"
EndProject
Project("{2150E333-8FDC-42A3-9474-1A3956D46DE8}") = "Modules", "Modules", "{E19A6745-81D7-4395-AB37-EFD54F7679C4}"
EndProject
Project("{2150E333-8FDC-42A3-9474-1A3956D46DE8}") = "HumanResources", "HumanResources", "{37759A43-7D0B-48AC-BA76-49769C33062A}"
EndProject
Project("{2150E333-8FDC-42A3-9474-1A3956D46DE8}") = "Domain", "Domain", "{0139BB15-ECCA-483B-A0C8-A8E21ADA670D}"
EndProject
Project("{9A19103F-16F7-4668-BE54-9A1E7A4F7556}") = "Presentation.HumanResources.Domain", "Modules\HumanResources\Domain\Presentation.HumanResources.Domain\Presentation.HumanResources.Domain.csproj", "{B58E6CD2-5AB8-4FE8-BA87-8571A0E60DC9}"
EndProject
Project("{2150E333-8FDC-42A3-9474-1A3956D46DE8}") = "Service", "Service", "{AD9E56D0-8FD1-426C-9B2E-BB8FF612289A}"
EndProject
Project("{9A19103F-16F7-4668-BE54-9A1E7A4F7556}") = "Presentation.HumanResources.Service", "Modules\HumanResources\Service\Presentation.HumanResources.Service\Presentation.HumanResources.Service.csproj", "{958BBA25-A0AA-4F47-B4FE-19044873FA9C}"
EndProject
Project("{2150E333-8FDC-42A3-9474-1A3956D46DE8}") = "Core", "Core", "{8857B607-C3F1-45EE-98C7-10730FF9D3D1}"
EndProject
Project("{2150E333-8FDC-42A3-9474-1A3956D46DE8}") = "Domain", "Domain", "{88779FF7-91D5-459B-A236-76F2B111A0FF}"
EndProject
Project("{2150E333-8FDC-42A3-9474-1A3956D46DE8}") = "Service", "Service", "{BF8CAE94-D48C-48B5-88ED-5DA9B4980133}"
EndProject
Project("{9A19103F-16F7-4668-BE54-9A1E7A4F7556}") = "Presentation.Core.Service", "Core\Service\Presentation.Core.Service\Presentation.Core.Service.csproj", "{F67D7815-D0E5-4202-990F-7BA24AE40AEC}"
EndProject
Project("{9A19103F-16F7-4668-BE54-9A1E7A4F7556}") = "Presentation.Core.Domain", "Core\Domain\Presentation.Core.Domain\Presentation.Core.Domain.csproj", "{C452200A-FE56-45E0-B809-C4DBB0C80AF7}"
EndProject
Project("{9A19103F-16F7-4668-BE54-9A1E7A4F7556}") = "WebClientAdmin", "WebClientAdmin\WebClientAdmin.csproj", "{58C7494F-C49F-40D9-AC56-ED66D8D0B9B9}"
EndProject
Project("{2150E333-8FDC-42A3-9474-1A3956D46DE8}") = "Product", "Product", "{FAE9055C-82EF-4834-A385-9DC0D97B44EA}"
EndProject
Project("{2150E333-8FDC-42A3-9474-1A3956D46DE8}") = "Domain", "Domain", "{8AE3E69E-9194-4058-B7F1-FD1F7DA8D100}"
EndProject
Project("{2150E333-8FDC-42A3-9474-1A3956D46DE8}") = "Service", "Service", "{0A2E6C22-53EB-4EDB-A6AF-B85DBE5D6CD4}"
EndProject
Project("{9A19103F-16F7-4668-BE54-9A1E7A4F7556}") = "Presentation.Product.Domain", "Modules\Product\Domain\Presentation.Product.Domain\Presentation.Product.Domain.csproj", "{EF14BAA8-C2D3-4FB1-8A18-3332CEF4DE15}"
EndProject
Project("{9A19103F-16F7-4668-BE54-9A1E7A4F7556}") = "Presentation.Product.Service", "Modules\Product\Service\Presentation.Product.Service\Presentation.Product.Service.csproj", "{C3F75FF0-9B96-414B-AE07-951219D59BE8}"
EndProject
Project("{2150E333-8FDC-42A3-9474-1A3956D46DE8}") = "Sales", "Sales", "{3E1E75F3-BC80-4C85-95B2-3B70A62C6F37}"
EndProject
Project("{2150E333-8FDC-42A3-9474-1A3956D46DE8}") = "Services", "Services", "{412CBDA5-9F12-44F0-AB7C-69B6782A1544}"
EndProject
Project("{2150E333-8FDC-42A3-9474-1A3956D46DE8}") = "Domain", "Domain", "{BC581028-7B6A-4696-988D-A7EEB4B32972}"
EndProject
Project("{9A19103F-16F7-4668-BE54-9A1E7A4F7556}") = "Presentation.Sales.Domain", "Modules\Sales\Domain\Presentation.Sales.Domain\Presentation.Sales.Domain.csproj", "{83FAAC06-3DBF-4FEB-9C2B-8B77952A8D42}"
EndProject
Project("{9A19103F-16F7-4668-BE54-9A1E7A4F7556}") = "Presentation.Sales.Service", "Modules\Sales\Service\Presentation.Sales.Service\Presentation.Sales.Service.csproj", "{8633274A-049A-45ED-B2A4-FAB209165A68}"
EndProject
Project("{2150E333-8FDC-42A3-9474-1A3956D46DE8}") = "Common", "Common", "{53652E28-E030-47C1-9585-00540DD9B7FA}"
EndProject
Project("{2150E333-8FDC-42A3-9474-1A3956D46DE8}") = "Service", "Service", "{55A0075D-C19D-4997-B61F-C3707B7B798E}"
EndProject
Project("{2150E333-8FDC-42A3-9474-1A3956D46DE8}") = "Domain", "Domain", "{E7D5F410-FFAA-4AD4-9ACE-07093799A64A}"
EndProject
Project("{9A19103F-16F7-4668-BE54-9A1E7A4F7556}") = "Presentation.Common.Domain", "Modules\Common\Domain\Presentation.Common.Domain\Presentation.Common.Domain.csproj", "{39277F6F-4DA6-49D2-9AA7-7CE273AEB09C}"
EndProject
Project("{9A19103F-16F7-4668-BE54-9A1E7A4F7556}") = "Presentation.Common.Service", "Modules\Common\Service\Presentation.Common.Service\Presentation.Common.Service.csproj", "{9D37E36C-D905-4A19-9B88-0CBF770697E5}"
EndProject
Project("{9A19103F-16F7-4668-BE54-9A1E7A4F7556}") = "WebClient.Admin", "WebClient.Admin\WebClient.Admin.csproj", "{B93585D6-9D99-42C8-BFFD-EBAC867CE211}"
EndProject
Project("{9A19103F-16F7-4668-BE54-9A1E7A4F7556}") = "WebClient.Shop", "WebClient.Shop\WebClient.Shop.csproj", "{909FAEA7-8059-4311-BB1E-AE811A8EF900}"
EndProject
Global
	GlobalSection(SolutionConfigurationPlatforms) = preSolution
		Debug|Any CPU = Debug|Any CPU
		Release|Any CPU = Release|Any CPU
	EndGlobalSection
	GlobalSection(ProjectConfigurationPlatforms) = postSolution
		{DF036ADC-5186-46EB-A1C1-F8D2A7C6CB5D}.Debug|Any CPU.ActiveCfg = Debug|Any CPU
		{DF036ADC-5186-46EB-A1C1-F8D2A7C6CB5D}.Debug|Any CPU.Build.0 = Debug|Any CPU
		{DF036ADC-5186-46EB-A1C1-F8D2A7C6CB5D}.Release|Any CPU.ActiveCfg = Release|Any CPU
		{DF036ADC-5186-46EB-A1C1-F8D2A7C6CB5D}.Release|Any CPU.Build.0 = Release|Any CPU
		{B58E6CD2-5AB8-4FE8-BA87-8571A0E60DC9}.Debug|Any CPU.ActiveCfg = Debug|Any CPU
		{B58E6CD2-5AB8-4FE8-BA87-8571A0E60DC9}.Debug|Any CPU.Build.0 = Debug|Any CPU
		{B58E6CD2-5AB8-4FE8-BA87-8571A0E60DC9}.Release|Any CPU.ActiveCfg = Release|Any CPU
		{B58E6CD2-5AB8-4FE8-BA87-8571A0E60DC9}.Release|Any CPU.Build.0 = Release|Any CPU
		{958BBA25-A0AA-4F47-B4FE-19044873FA9C}.Debug|Any CPU.ActiveCfg = Debug|Any CPU
		{958BBA25-A0AA-4F47-B4FE-19044873FA9C}.Debug|Any CPU.Build.0 = Debug|Any CPU
		{958BBA25-A0AA-4F47-B4FE-19044873FA9C}.Release|Any CPU.ActiveCfg = Release|Any CPU
		{958BBA25-A0AA-4F47-B4FE-19044873FA9C}.Release|Any CPU.Build.0 = Release|Any CPU
		{F67D7815-D0E5-4202-990F-7BA24AE40AEC}.Debug|Any CPU.ActiveCfg = Debug|Any CPU
		{F67D7815-D0E5-4202-990F-7BA24AE40AEC}.Debug|Any CPU.Build.0 = Debug|Any CPU
		{F67D7815-D0E5-4202-990F-7BA24AE40AEC}.Release|Any CPU.ActiveCfg = Release|Any CPU
		{F67D7815-D0E5-4202-990F-7BA24AE40AEC}.Release|Any CPU.Build.0 = Release|Any CPU
		{C452200A-FE56-45E0-B809-C4DBB0C80AF7}.Debug|Any CPU.ActiveCfg = Debug|Any CPU
		{C452200A-FE56-45E0-B809-C4DBB0C80AF7}.Debug|Any CPU.Build.0 = Debug|Any CPU
		{C452200A-FE56-45E0-B809-C4DBB0C80AF7}.Release|Any CPU.ActiveCfg = Release|Any CPU
		{C452200A-FE56-45E0-B809-C4DBB0C80AF7}.Release|Any CPU.Build.0 = Release|Any CPU
		{58C7494F-C49F-40D9-AC56-ED66D8D0B9B9}.Debug|Any CPU.ActiveCfg = Debug|Any CPU
		{58C7494F-C49F-40D9-AC56-ED66D8D0B9B9}.Debug|Any CPU.Build.0 = Debug|Any CPU
		{58C7494F-C49F-40D9-AC56-ED66D8D0B9B9}.Release|Any CPU.ActiveCfg = Release|Any CPU
		{58C7494F-C49F-40D9-AC56-ED66D8D0B9B9}.Release|Any CPU.Build.0 = Release|Any CPU
		{EF14BAA8-C2D3-4FB1-8A18-3332CEF4DE15}.Debug|Any CPU.ActiveCfg = Debug|Any CPU
		{EF14BAA8-C2D3-4FB1-8A18-3332CEF4DE15}.Debug|Any CPU.Build.0 = Debug|Any CPU
		{EF14BAA8-C2D3-4FB1-8A18-3332CEF4DE15}.Release|Any CPU.ActiveCfg = Release|Any CPU
		{EF14BAA8-C2D3-4FB1-8A18-3332CEF4DE15}.Release|Any CPU.Build.0 = Release|Any CPU
		{C3F75FF0-9B96-414B-AE07-951219D59BE8}.Debug|Any CPU.ActiveCfg = Debug|Any CPU
		{C3F75FF0-9B96-414B-AE07-951219D59BE8}.Debug|Any CPU.Build.0 = Debug|Any CPU
		{C3F75FF0-9B96-414B-AE07-951219D59BE8}.Release|Any CPU.ActiveCfg = Release|Any CPU
		{C3F75FF0-9B96-414B-AE07-951219D59BE8}.Release|Any CPU.Build.0 = Release|Any CPU
		{83FAAC06-3DBF-4FEB-9C2B-8B77952A8D42}.Debug|Any CPU.ActiveCfg = Debug|Any CPU
		{83FAAC06-3DBF-4FEB-9C2B-8B77952A8D42}.Debug|Any CPU.Build.0 = Debug|Any CPU
		{83FAAC06-3DBF-4FEB-9C2B-8B77952A8D42}.Release|Any CPU.ActiveCfg = Release|Any CPU
		{83FAAC06-3DBF-4FEB-9C2B-8B77952A8D42}.Release|Any CPU.Build.0 = Release|Any CPU
		{8633274A-049A-45ED-B2A4-FAB209165A68}.Debug|Any CPU.ActiveCfg = Debug|Any CPU
		{8633274A-049A-45ED-B2A4-FAB209165A68}.Debug|Any CPU.Build.0 = Debug|Any CPU
		{8633274A-049A-45ED-B2A4-FAB209165A68}.Release|Any CPU.ActiveCfg = Release|Any CPU
		{8633274A-049A-45ED-B2A4-FAB209165A68}.Release|Any CPU.Build.0 = Release|Any CPU
		{39277F6F-4DA6-49D2-9AA7-7CE273AEB09C}.Debug|Any CPU.ActiveCfg = Debug|Any CPU
		{39277F6F-4DA6-49D2-9AA7-7CE273AEB09C}.Debug|Any CPU.Build.0 = Debug|Any CPU
		{39277F6F-4DA6-49D2-9AA7-7CE273AEB09C}.Release|Any CPU.ActiveCfg = Release|Any CPU
		{39277F6F-4DA6-49D2-9AA7-7CE273AEB09C}.Release|Any CPU.Build.0 = Release|Any CPU
		{9D37E36C-D905-4A19-9B88-0CBF770697E5}.Debug|Any CPU.ActiveCfg = Debug|Any CPU
		{9D37E36C-D905-4A19-9B88-0CBF770697E5}.Debug|Any CPU.Build.0 = Debug|Any CPU
		{9D37E36C-D905-4A19-9B88-0CBF770697E5}.Release|Any CPU.ActiveCfg = Release|Any CPU
		{9D37E36C-D905-4A19-9B88-0CBF770697E5}.Release|Any CPU.Build.0 = Release|Any CPU
		{B93585D6-9D99-42C8-BFFD-EBAC867CE211}.Debug|Any CPU.ActiveCfg = Debug|Any CPU
		{B93585D6-9D99-42C8-BFFD-EBAC867CE211}.Debug|Any CPU.Build.0 = Debug|Any CPU
		{B93585D6-9D99-42C8-BFFD-EBAC867CE211}.Release|Any CPU.ActiveCfg = Release|Any CPU
		{B93585D6-9D99-42C8-BFFD-EBAC867CE211}.Release|Any CPU.Build.0 = Release|Any CPU
		{909FAEA7-8059-4311-BB1E-AE811A8EF900}.Debug|Any CPU.ActiveCfg = Debug|Any CPU
		{909FAEA7-8059-4311-BB1E-AE811A8EF900}.Debug|Any CPU.Build.0 = Debug|Any CPU
		{909FAEA7-8059-4311-BB1E-AE811A8EF900}.Release|Any CPU.ActiveCfg = Release|Any CPU
		{909FAEA7-8059-4311-BB1E-AE811A8EF900}.Release|Any CPU.Build.0 = Release|Any CPU
	EndGlobalSection
	GlobalSection(SolutionProperties) = preSolution
		HideSolutionNode = FALSE
	EndGlobalSection
	GlobalSection(NestedProjects) = preSolution
		{37759A43-7D0B-48AC-BA76-49769C33062A} = {E19A6745-81D7-4395-AB37-EFD54F7679C4}
		{0139BB15-ECCA-483B-A0C8-A8E21ADA670D} = {37759A43-7D0B-48AC-BA76-49769C33062A}
		{B58E6CD2-5AB8-4FE8-BA87-8571A0E60DC9} = {0139BB15-ECCA-483B-A0C8-A8E21ADA670D}
		{AD9E56D0-8FD1-426C-9B2E-BB8FF612289A} = {37759A43-7D0B-48AC-BA76-49769C33062A}
		{958BBA25-A0AA-4F47-B4FE-19044873FA9C} = {AD9E56D0-8FD1-426C-9B2E-BB8FF612289A}
		{88779FF7-91D5-459B-A236-76F2B111A0FF} = {8857B607-C3F1-45EE-98C7-10730FF9D3D1}
		{BF8CAE94-D48C-48B5-88ED-5DA9B4980133} = {8857B607-C3F1-45EE-98C7-10730FF9D3D1}
		{F67D7815-D0E5-4202-990F-7BA24AE40AEC} = {BF8CAE94-D48C-48B5-88ED-5DA9B4980133}
		{C452200A-FE56-45E0-B809-C4DBB0C80AF7} = {88779FF7-91D5-459B-A236-76F2B111A0FF}
		{FAE9055C-82EF-4834-A385-9DC0D97B44EA} = {E19A6745-81D7-4395-AB37-EFD54F7679C4}
		{8AE3E69E-9194-4058-B7F1-FD1F7DA8D100} = {FAE9055C-82EF-4834-A385-9DC0D97B44EA}
		{0A2E6C22-53EB-4EDB-A6AF-B85DBE5D6CD4} = {FAE9055C-82EF-4834-A385-9DC0D97B44EA}
		{EF14BAA8-C2D3-4FB1-8A18-3332CEF4DE15} = {8AE3E69E-9194-4058-B7F1-FD1F7DA8D100}
		{C3F75FF0-9B96-414B-AE07-951219D59BE8} = {0A2E6C22-53EB-4EDB-A6AF-B85DBE5D6CD4}
		{3E1E75F3-BC80-4C85-95B2-3B70A62C6F37} = {E19A6745-81D7-4395-AB37-EFD54F7679C4}
		{412CBDA5-9F12-44F0-AB7C-69B6782A1544} = {3E1E75F3-BC80-4C85-95B2-3B70A62C6F37}
		{BC581028-7B6A-4696-988D-A7EEB4B32972} = {3E1E75F3-BC80-4C85-95B2-3B70A62C6F37}
		{83FAAC06-3DBF-4FEB-9C2B-8B77952A8D42} = {BC581028-7B6A-4696-988D-A7EEB4B32972}
		{8633274A-049A-45ED-B2A4-FAB209165A68} = {412CBDA5-9F12-44F0-AB7C-69B6782A1544}
		{53652E28-E030-47C1-9585-00540DD9B7FA} = {E19A6745-81D7-4395-AB37-EFD54F7679C4}
		{55A0075D-C19D-4997-B61F-C3707B7B798E} = {53652E28-E030-47C1-9585-00540DD9B7FA}
		{E7D5F410-FFAA-4AD4-9ACE-07093799A64A} = {53652E28-E030-47C1-9585-00540DD9B7FA}
		{39277F6F-4DA6-49D2-9AA7-7CE273AEB09C} = {E7D5F410-FFAA-4AD4-9ACE-07093799A64A}
		{9D37E36C-D905-4A19-9B88-0CBF770697E5} = {55A0075D-C19D-4997-B61F-C3707B7B798E}
	EndGlobalSection
	GlobalSection(ExtensibilityGlobals) = postSolution
		SolutionGuid = {26DB5FCA-E410-4472-B20B-5F4CC60CEC33}
	EndGlobalSection
EndGlobal
